<?xml version="1.0" encoding="utf-8"?>
<Project ToolsVersion="4.0" xmlns="http://schemas.microsoft.com/developer/msbuild/2003">
  <ItemGroup>
    <Filter Include="Source Files">
      <UniqueIdentifier>{4FC737F1-C7A5-4376-A066-2A32D752A2FF}</UniqueIdentifier>
      <Extensions>cpp;c;cc;cxx;def;odl;idl;hpj;bat;asm;asmx</Extensions>
    </Filter>
    <Filter Include="Header Files">
      <UniqueIdentifier>{93995380-89BD-4b04-88EB-625FBE52EBFB}</UniqueIdentifier>
      <Extensions>h;hpp;hxx;hm;inl;inc;xsd</Extensions>
    </Filter>
    <Filter Include="Resource Files">
      <UniqueIdentifier>{67DA6AB6-F800-4c08-8B7A-83BB121AAD01}</UniqueIdentifier>
      <Extensions>rc;ico;cur;bmp;dlg;rc2;rct;bin;rgs;gif;jpg;jpeg;jpe;resx;tiff;tif;png;wav;mfcribbon-ms</Extensions>
    </Filter>
  </ItemGroup>
  <ItemGroup>
    <ClCompile Include="ArcBall.cpp">
      <Filter>Source Files</Filter>
    </ClCompile>
    <ClCompile Include="Camera.cpp">
      <Filter>Source Files</Filter>
    </ClCompile>
    <ClCompile Include="HungarianAlgorithm.cpp">
      <Filter>Source Files</Filter>
    </ClCompile>
    <ClCompile Include="MathFunc.cpp">
      <Filter>Source Files</Filter>
    </ClCompile>
    <ClCompile Include="MathTypes.cpp">
      <Filter>Source Files</Filter>
    </ClCompile>
    <ClCompile Include="SynConfigBase.cpp">
      <Filter>Source Files</Filter>
    </ClCompile>
    <ClCompile Include="MassSpringData.cpp">
      <Filter>Source Files</Filter>
    </ClCompile>
    <ClCompile Include="NURBSinterpolate.cpp">
      <Filter>Source Files</Filter>
    </ClCompile>
    <ClCompile Include="BoundaryConstraint.cpp">
      <Filter>Source Files</Filter>
    </ClCompile>
    <ClCompile Include="DelaunayTri.cpp">
      <Filter>Source Files</Filter>
    </ClCompile>
    <ClCompile Include="..\..\quadprog\src\Array.cc">
      <Filter>Source Files</Filter>
    </ClCompile>
    <ClCompile Include="..\..\quadprog\src\QuadProg++.cc">
      <Filter>Source Files</Filter>
    </ClCompile>
  </ItemGroup>
  <ItemGroup>
    <ClInclude Include="ArcBall.h">
      <Filter>Header Files</Filter>
    </ClInclude>
    <ClInclude Include="Camera.h">
      <Filter>Header Files</Filter>
    </ClInclude>
    <ClInclude Include="HungarianAlgorithm.h">
      <Filter>Header Files</Filter>
    </ClInclude>
    <ClInclude Include="main.h">
      <Filter>Header Files</Filter>
    </ClInclude>
    <ClInclude Include="MathFunc.h">
      <Filter>Header Files</Filter>
    </ClInclude>
    <ClInclude Include="MathTypes.h">
      <Filter>Header Files</Filter>
    </ClInclude>
    <ClInclude Include="SynConfigBase.h">
      <Filter>Header Files</Filter>
    </ClInclude>
    <ClInclude Include="util.h">
      <Filter>Header Files</Filter>
    </ClInclude>
    <ClInclude Include="vec.h">
      <Filter>Header Files</Filter>
    </ClInclude>
    <ClInclude Include="blaswrap.h">
      <Filter>Header Files</Filter>
    </ClInclude>
    <ClInclude Include="PoissonDisk.h">
      <Filter>Header Files</Filter>
    </ClInclude>
    <ClInclude Include="MassSpringData.h">
      <Filter>Header Files</Filter>
    </ClInclude>
    <ClInclude Include="NURBSinterpolate.h">
      <Filter>Header Files</Filter>
    </ClInclude>
    <ClInclude Include="BoundaryConstraint.h">
      <Filter>Header Files</Filter>
    </ClInclude>
    <ClInclude Include="Grid.h">
      <Filter>Header Files</Filter>
    </ClInclude>
    <ClInclude Include="GridND.h">
      <Filter>Header Files</Filter>
    </ClInclude>
    <ClInclude Include="DelaunayTri.h">
      <Filter>Header Files</Filter>
    </ClInclude>
  </ItemGroup>
  <ItemGroup>
    <None Include="..\..\quadprog\src\Array.hh">
      <Filter>Header Files</Filter>
    </None>
    <None Include="..\..\quadprog\src\QuadProg++.hh">
      <Filter>Header Files</Filter>
    </None>
  </ItemGroup>
</Project>